
Microsoft Visual Studio Solution File, Format Version 12.00
# Visual Studio Version 16
VisualStudioVersion = 16.0.32002.261
MinimumVisualStudioVersion = 10.0.40219.1
Project("{FAE04EC0-301F-11D3-BF4B-00C04F79EFBC}") = "APIAuthonticationAuthorization", "APIAuthonticationAuthorization\APIAuthonticationAuthorization.csproj", "{144E61C5-6DB0-484D-A546-C5E2171B7C90}"
EndProject
Global
	GlobalSection(SolutionConfigurationPlatforms) = preSolution
		Debug|Any CPU = Debug|Any CPU
		Release|Any CPU = Release|Any CPU
	EndGlobalSection
	GlobalSection(ProjectConfigurationPlatforms) = postSolution
		{144E61C5-6DB0-484D-A546-C5E2171B7C90}.Debug|Any CPU.ActiveCfg = Debug|Any CPU
		{144E61C5-6DB0-484D-A546-C5E2171B7C90}.Debug|Any CPU.Build.0 = Debug|Any CPU
		{144E61C5-6DB0-484D-A546-C5E2171B7C90}.Release|Any CPU.ActiveCfg = Release|Any CPU
		{144E61C5-6DB0-484D-A546-C5E2171B7C90}.Release|Any CPU.Build.0 = Release|Any CPU
	EndGlobalSection
	GlobalSection(SolutionProperties) = preSolution
		HideSolutionNode = FALSE
	EndGlobalSection
	GlobalSection(ExtensibilityGlobals) = postSolution
		SolutionGuid = {929D7762-52A8-41D2-BC8C-8CCE0794CA02}
	EndGlobalSection
EndGlobal
